
Microsoft Visual Studio Solution File, Format Version 12.00
# Visual Studio Version 17
VisualStudioVersion = 17.9.34616.47
MinimumVisualStudioVersion = 10.0.40219.1
Project("{FAE04EC0-301F-11D3-BF4B-00C04F79EFBC}") = "Contacts", "Contacts\Contacts.csproj", "{CDDF90F6-7036-4DA9-BCD1-B6A0FCA780FB}"
EndProject
Global
	GlobalSection(SolutionConfigurationPlatforms) = preSolution
		Debug|Any CPU = Debug|Any CPU
		Release|Any CPU = Release|Any CPU
	EndGlobalSection
	GlobalSection(ProjectConfigurationPlatforms) = postSolution
		{CDDF90F6-7036-4DA9-BCD1-B6A0FCA780FB}.Debug|Any CPU.ActiveCfg = Debug|Any CPU
		{CDDF90F6-7036-4DA9-BCD1-B6A0FCA780FB}.Debug|Any CPU.Build.0 = Debug|Any CPU
		{CDDF90F6-7036-4DA9-BCD1-B6A0FCA780FB}.Release|Any CPU.ActiveCfg = Release|Any CPU
		{CDDF90F6-7036-4DA9-BCD1-B6A0FCA780FB}.Release|Any CPU.Build.0 = Release|Any CPU
	EndGlobalSection
	GlobalSection(SolutionProperties) = preSolution
		HideSolutionNode = FALSE
	EndGlobalSection
	GlobalSection(ExtensibilityGlobals) = postSolution
		SolutionGuid = {D59719E3-BD0A-4C82-971F-18CD5F2F072B}
	EndGlobalSection
EndGlobal
